
Microsoft Visual Studio Solution File, Format Version 12.00
# Visual Studio 15
VisualStudioVersion = 15.0.27428.2015
MinimumVisualStudioVersion = 10.0.40219.1
Project("{8BC9CEB8-8B4A-11D0-8D11-00A0C91BC942}") = "编译原理实验", "编译原理实验\编译原理实验.vcxproj", "{276300A3-0A3B-46CD-9DBC-3779F5DBE7D3}"
EndProject
Global
	GlobalSection(SolutionConfigurationPlatforms) = preSolution
		Debug|x64 = Debug|x64
		Debug|x86 = Debug|x86
		Release|x64 = Release|x64
		Release|x86 = Release|x86
	EndGlobalSection
	GlobalSection(ProjectConfigurationPlatforms) = postSolution
		{276300A3-0A3B-46CD-9DBC-3779F5DBE7D3}.Debug|x64.ActiveCfg = Debug|x64
		{276300A3-0A3B-46CD-9DBC-3779F5DBE7D3}.Debug|x64.Build.0 = Debug|x64
		{276300A3-0A3B-46CD-9DBC-3779F5DBE7D3}.Debug|x86.ActiveCfg = Debug|Win32
		{276300A3-0A3B-46CD-9DBC-3779F5DBE7D3}.Debug|x86.Build.0 = Debug|Win32
		{276300A3-0A3B-46CD-9DBC-3779F5DBE7D3}.Release|x64.ActiveCfg = Release|x64
		{276300A3-0A3B-46CD-9DBC-3779F5DBE7D3}.Release|x64.Build.0 = Release|x64
		{276300A3-0A3B-46CD-9DBC-3779F5DBE7D3}.Release|x86.ActiveCfg = Release|Win32
		{276300A3-0A3B-46CD-9DBC-3779F5DBE7D3}.Release|x86.Build.0 = Release|Win32
	EndGlobalSection
	GlobalSection(SolutionProperties) = preSolution
		HideSolutionNode = FALSE
	EndGlobalSection
	GlobalSection(ExtensibilityGlobals) = postSolution
		SolutionGuid = {0DC4BAA0-1A71-4D43-A25A-FB88AFD7BAF8}
	EndGlobalSection
EndGlobal
